
Microsoft Visual Studio Solution File, Format Version 12.00
# Visual Studio Version 17
VisualStudioVersion = 17.0.31903.59
MinimumVisualStudioVersion = 10.0.40219.1
Project("{2150E333-8FDC-42A3-9474-1A3956D46DE8}") = "src", "src", "{827E0CD3-B72D-47B6-A68D-7590B98EB39B}"
EndProject
Project("{FAE04EC0-301F-11D3-BF4B-00C04F79EFBC}") = "Quikcolaps.Etabs", "src\Quikcolaps.Etabs\Quikcolaps.Etabs.csproj", "{AA886F2A-1B11-4B78-9B7A-EE7BFE6840F2}"
EndProject
Project("{FAE04EC0-301F-11D3-BF4B-00C04F79EFBC}") = "Quikcolaps.Probe", "tools\Quikcolaps.Probe\Quikcolaps.Probe.csproj", "{27577595-9915-4FC0-9963-D90D8E763B09}"
EndProject
Project("{2150E333-8FDC-42A3-9474-1A3956D46DE8}") = "tools", "tools", "{07C2787E-EAC7-C090-1BA3-A61EC2A24D84}"
EndProject
Project("{FAE04EC0-301F-11D3-BF4B-00C04F79EFBC}") = "Quikcolaps.Cli", "tools\Quikcolaps.Cli\Quikcolaps.Cli.csproj", "{87E4736F-0934-465E-BBF3-E045793459FE}"
EndProject
Global
	GlobalSection(SolutionConfigurationPlatforms) = preSolution
		Debug|Any CPU = Debug|Any CPU
		Debug|x64 = Debug|x64
		Debug|x86 = Debug|x86
		Release|Any CPU = Release|Any CPU
		Release|x64 = Release|x64
		Release|x86 = Release|x86
	EndGlobalSection
	GlobalSection(ProjectConfigurationPlatforms) = postSolution
		{AA886F2A-1B11-4B78-9B7A-EE7BFE6840F2}.Debug|Any CPU.ActiveCfg = Debug|Any CPU
		{AA886F2A-1B11-4B78-9B7A-EE7BFE6840F2}.Debug|Any CPU.Build.0 = Debug|Any CPU
		{AA886F2A-1B11-4B78-9B7A-EE7BFE6840F2}.Debug|x64.ActiveCfg = Debug|Any CPU
		{AA886F2A-1B11-4B78-9B7A-EE7BFE6840F2}.Debug|x64.Build.0 = Debug|Any CPU
		{AA886F2A-1B11-4B78-9B7A-EE7BFE6840F2}.Debug|x86.ActiveCfg = Debug|Any CPU
		{AA886F2A-1B11-4B78-9B7A-EE7BFE6840F2}.Debug|x86.Build.0 = Debug|Any CPU
		{AA886F2A-1B11-4B78-9B7A-EE7BFE6840F2}.Release|Any CPU.ActiveCfg = Release|Any CPU
		{AA886F2A-1B11-4B78-9B7A-EE7BFE6840F2}.Release|Any CPU.Build.0 = Release|Any CPU
		{AA886F2A-1B11-4B78-9B7A-EE7BFE6840F2}.Release|x64.ActiveCfg = Release|Any CPU
		{AA886F2A-1B11-4B78-9B7A-EE7BFE6840F2}.Release|x64.Build.0 = Release|Any CPU
		{AA886F2A-1B11-4B78-9B7A-EE7BFE6840F2}.Release|x86.ActiveCfg = Release|Any CPU
		{AA886F2A-1B11-4B78-9B7A-EE7BFE6840F2}.Release|x86.Build.0 = Release|Any CPU
		{27577595-9915-4FC0-9963-D90D8E763B09}.Debug|Any CPU.ActiveCfg = Debug|Any CPU
		{27577595-9915-4FC0-9963-D90D8E763B09}.Debug|Any CPU.Build.0 = Debug|Any CPU
		{27577595-9915-4FC0-9963-D90D8E763B09}.Debug|x64.ActiveCfg = Debug|Any CPU
		{27577595-9915-4FC0-9963-D90D8E763B09}.Debug|x64.Build.0 = Debug|Any CPU
		{27577595-9915-4FC0-9963-D90D8E763B09}.Debug|x86.ActiveCfg = Debug|Any CPU
		{27577595-9915-4FC0-9963-D90D8E763B09}.Debug|x86.Build.0 = Debug|Any CPU
		{27577595-9915-4FC0-9963-D90D8E763B09}.Release|Any CPU.ActiveCfg = Release|Any CPU
		{27577595-9915-4FC0-9963-D90D8E763B09}.Release|Any CPU.Build.0 = Release|Any CPU
		{27577595-9915-4FC0-9963-D90D8E763B09}.Release|x64.ActiveCfg = Release|Any CPU
		{27577595-9915-4FC0-9963-D90D8E763B09}.Release|x64.Build.0 = Release|Any CPU
		{27577595-9915-4FC0-9963-D90D8E763B09}.Release|x86.ActiveCfg = Release|Any CPU
		{27577595-9915-4FC0-9963-D90D8E763B09}.Release|x86.Build.0 = Release|Any CPU
		{87E4736F-0934-465E-BBF3-E045793459FE}.Debug|Any CPU.ActiveCfg = Debug|Any CPU
		{87E4736F-0934-465E-BBF3-E045793459FE}.Debug|Any CPU.Build.0 = Debug|Any CPU
		{87E4736F-0934-465E-BBF3-E045793459FE}.Debug|x64.ActiveCfg = Debug|Any CPU
		{87E4736F-0934-465E-BBF3-E045793459FE}.Debug|x64.Build.0 = Debug|Any CPU
		{87E4736F-0934-465E-BBF3-E045793459FE}.Debug|x86.ActiveCfg = Debug|Any CPU
		{87E4736F-0934-465E-BBF3-E045793459FE}.Debug|x86.Build.0 = Debug|Any CPU
		{87E4736F-0934-465E-BBF3-E045793459FE}.Release|Any CPU.ActiveCfg = Release|Any CPU
		{87E4736F-0934-465E-BBF3-E045793459FE}.Release|Any CPU.Build.0 = Release|Any CPU
		{87E4736F-0934-465E-BBF3-E045793459FE}.Release|x64.ActiveCfg = Release|Any CPU
		{87E4736F-0934-465E-BBF3-E045793459FE}.Release|x64.Build.0 = Release|Any CPU
		{87E4736F-0934-465E-BBF3-E045793459FE}.Release|x86.ActiveCfg = Release|Any CPU
		{87E4736F-0934-465E-BBF3-E045793459FE}.Release|x86.Build.0 = Release|Any CPU
	EndGlobalSection
	GlobalSection(SolutionProperties) = preSolution
		HideSolutionNode = FALSE
	EndGlobalSection
	GlobalSection(NestedProjects) = preSolution
		{AA886F2A-1B11-4B78-9B7A-EE7BFE6840F2} = {827E0CD3-B72D-47B6-A68D-7590B98EB39B}
		{27577595-9915-4FC0-9963-D90D8E763B09} = {827E0CD3-B72D-47B6-A68D-7590B98EB39B}
		{87E4736F-0934-465E-BBF3-E045793459FE} = {07C2787E-EAC7-C090-1BA3-A61EC2A24D84}
	EndGlobalSection
EndGlobal
